// !$*UTF8*$!
{
	archiveVersion = 1;
	classes = {
	};
	objectVersion = 77;
	objects = {

/* Begin PBXBuildFile section */
		D9A30E4B2F9CFA070028D1BD /* Supabase in Frameworks */ = {isa = PBXBuildFile; productRef = D9A30E4A2F9CFA070028D1BD /* Supabase */; };
/* End PBXBuildFile section */

/* Begin PBXContainerItemProxy section */
		D95043152F97A2F300ECE131 /* PBXContainerItemProxy */ = {
			isa = PBXContainerItemProxy;
			containerPortal = D95042FA2F97A2F300ECE131 /* Project object */;
			proxyType = 1;
			remoteGlobalIDString = D95043012F97A2F300ECE131;
			remoteInfo = CuCu;
		};
		D950431F2F97A2F300ECE131 /* PBXContainerItemProxy */ = {
			isa = PBXContainerItemProxy;
			containerPortal = D95042FA2F97A2F300ECE131 /* Project object */;
			proxyType = 1;
			remoteGlobalIDString = D95043012F97A2F300ECE131;
			remoteInfo = CuCu;
		};
/* End PBXContainerItemProxy section */

/* Begin PBXFileReference section */
		D95043022F97A2F300ECE131 /* CuCu.app */ = {isa = PBXFileReference; explicitFileType = wrapper.application; includeInIndex = 0; path = CuCu.app; sourceTree = BUILT_PRODUCTS_DIR; };
		D95043142F97A2F300ECE131 /* CuCuTests.xctest */ = {isa = PBXFileReference; explicitFileType = wrapper.cfbundle; includeInIndex = 0; path = CuCuTests.xctest; sourceTree = BUILT_PRODUCTS_DIR; };
		D950431E2F97A2F300ECE131 /* CuCuUITests.xctest */ = {isa = PBXFileReference; explicitFileType = wrapper.cfbundle; includeInIndex = 0; path = CuCuUITests.xctest; sourceTree = BUILT_PRODUCTS_DIR; };
/* End PBXFileReference section */

/* Begin PBXFileSystemSynchronizedBuildFileExceptionSet section */
		D9C0FFEE2FAE000000000001 /* Exceptions for "CuCu" folder in "CuCu" target */ = {
			isa = PBXFileSystemSynchronizedBuildFileExceptionSet;
			membershipExceptions = (
				Design/cucu-handoff/cucu/README.md,
				"Design/cucu-handoff/cucu/project/01-debug-8.png",
				"Design/cucu-handoff/cucu/project/01-debug-12.png",
				"Design/cucu-handoff/cucu/project/01-debug-13.png",
				"Design/cucu-handoff/cucu/project/02-debug-8.png",
				"Design/cucu-handoff/cucu/project/02-debug-12.png",
				"Design/cucu-handoff/cucu/project/02-debug-13.png",
				"Design/cucu-handoff/cucu/project/03-debug-8.png",
				"Design/cucu-handoff/cucu/project/03-debug-13.png",
				"Design/cucu-handoff/cucu/project/app.jsx",
				"Design/cucu-handoff/cucu/project/canvas.jsx",
				"Design/cucu-handoff/cucu/project/CuCu Editor.html",
				"Design/cucu-handoff/cucu/project/CuCu Templates.html",
				"Design/cucu-handoff/cucu/project/debug-1.png",
				"Design/cucu-handoff/cucu/project/debug-2.png",
				"Design/cucu-handoff/cucu/project/debug-3.png",
				"Design/cucu-handoff/cucu/project/debug-4.png",
				"Design/cucu-handoff/cucu/project/debug-5.png",
				"Design/cucu-handoff/cucu/project/debug-6.png",
				"Design/cucu-handoff/cucu/project/debug-7.png",
				"Design/cucu-handoff/cucu/project/debug-9.png",
				"Design/cucu-handoff/cucu/project/debug-10.png",
				"Design/cucu-handoff/cucu/project/debug-11.png",
				"Design/cucu-handoff/cucu/project/debug-14.png",
				"Design/cucu-handoff/cucu/project/editor.jsx",
				"Design/cucu-handoff/cucu/project/inspector.jsx",
				"Design/cucu-handoff/cucu/project/ios-frame.jsx",
				"Design/cucu-handoff/cucu/project/shell.jsx",
				"Design/cucu-handoff/cucu/project/templates-app.jsx",
				"Design/cucu-handoff/cucu/project/templates-picker.jsx",
				"Design/cucu-handoff/cucu/project/templates.jsx",
				"Design/cucu-handoff/cucu/project/themes.jsx",
				"Design/cucu-handoff/cucu/project/tweaks-panel.jsx",
				"design-mocks/inspector-arty.html",
				"design-mocks/inspector-cute.html",
				"design-mocks/inspector-faithful.html",
				MIGRATION_NOTES.md,
			);
			target = D95043012F97A2F300ECE131 /* CuCu */;
		};
/* End PBXFileSystemSynchronizedBuildFileExceptionSet section */

/* Begin PBXFileSystemSynchronizedRootGroup section */
		D95043042F97A2F300ECE131 /* CuCu */ = {
			isa = PBXFileSystemSynchronizedRootGroup;
			exceptions = (
				D9C0FFEE2FAE000000000001 /* Exceptions for "CuCu" folder in "CuCu" target */,
			);
			path = CuCu;
			sourceTree = "<group>";
		};
		D95043172F97A2F300ECE131 /* CuCuTests */ = {
			isa = PBXFileSystemSynchronizedRootGroup;
			path = CuCuTests;
			sourceTree = "<group>";
		};
		D95043212F97A2F300ECE131 /* CuCuUITests */ = {
			isa = PBXFileSystemSynchronizedRootGroup;
			path = CuCuUITests;
			sourceTree = "<group>";
		};
/* End PBXFileSystemSynchronizedRootGroup section */

/* Begin PBXFrameworksBuildPhase section */
		D95042FF2F97A2F300ECE131 /* Frameworks */ = {
			isa = PBXFrameworksBuildPhase;
			buildActionMask = 2147483647;
			files = (
				D9A30E4B2F9CFA070028D1BD /* Supabase in Frameworks */,
			);
			runOnlyForDeploymentPostprocessing = 0;
		};
		D95043112F97A2F300ECE131 /* Frameworks */ = {
			isa = PBXFrameworksBuildPhase;
			buildActionMask = 2147483647;
			files = (
			);
			runOnlyForDeploymentPostprocessing = 0;
		};
		D950431B2F97A2F300ECE131 /* Frameworks */ = {
			isa = PBXFrameworksBuildPhase;
			buildActionMask = 2147483647;
			files = (
			);
			runOnlyForDeploymentPostprocessing = 0;
		};
/* End PBXFrameworksBuildPhase section */

/* Begin PBXGroup section */
		D95042F92F97A2F300ECE131 = {
			isa = PBXGroup;
			children = (
				D95043042F97A2F300ECE131 /* CuCu */,
				D95043172F97A2F300ECE131 /* CuCuTests */,
				D95043212F97A2F300ECE131 /* CuCuUITests */,
				D95043032F97A2F300ECE131 /* Products */,
			);
			sourceTree = "<group>";
		};
		D95043032F97A2F300ECE131 /* Products */ = {
			isa = PBXGroup;
			children = (
				D95043022F97A2F300ECE131 /* CuCu.app */,
				D95043142F97A2F300ECE131 /* CuCuTests.xctest */,
				D950431E2F97A2F300ECE131 /* CuCuUITests.xctest */,
			);
			name = Products;
			sourceTree = "<group>";
		};
/* End PBXGroup section */

/* Begin PBXNativeTarget section */
		D95043012F97A2F300ECE131 /* CuCu */ = {
			isa = PBXNativeTarget;
			buildConfigurationList = D95043282F97A2F300ECE131 /* Build configuration list for PBXNativeTarget "CuCu" */;
			buildPhases = (
				D95042FE2F97A2F300ECE131 /* Sources */,
				D95042FF2F97A2F300ECE131 /* Frameworks */,
				D95043002F97A2F300ECE131 /* Resources */,
			);
			buildRules = (
			);
			dependencies = (
			);
			fileSystemSynchronizedGroups = (
				D95043042F97A2F300ECE131 /* CuCu */,
			);
			name = CuCu;
			packageProductDependencies = (
				D9A30E4A2F9CFA070028D1BD /* Supabase */,
			);
			productName = CuCu;
			productReference = D95043022F97A2F300ECE131 /* CuCu.app */;
			productType = "com.apple.product-type.application";
		};
		D95043132F97A2F300ECE131 /* CuCuTests */ = {
			isa = PBXNativeTarget;
			buildConfigurationList = D950432B2F97A2F300ECE131 /* Build configuration list for PBXNativeTarget "CuCuTests" */;
			buildPhases = (
				D95043102F97A2F300ECE131 /* Sources */,
				D95043112F97A2F300ECE131 /* Frameworks */,
				D95043122F97A2F300ECE131 /* Resources */,
			);
			buildRules = (
			);
			dependencies = (
				D95043162F97A2F300ECE131 /* PBXTargetDependency */,
			);
			fileSystemSynchronizedGroups = (
				D95043172F97A2F300ECE131 /* CuCuTests */,
			);
			name = CuCuTests;
			packageProductDependencies = (
			);
			productName = CuCuTests;
			productReference = D95043142F97A2F300ECE131 /* CuCuTests.xctest */;
			productType = "com.apple.product-type.bundle.unit-test";
		};
		D950431D2F97A2F300ECE131 /* CuCuUITests */ = {
			isa = PBXNativeTarget;
			buildConfigurationList = D950432E2F97A2F300ECE131 /* Build configuration list for PBXNativeTarget "CuCuUITests" */;
			buildPhases = (
				D950431A2F97A2F300ECE131 /* Sources */,
				D950431B2F97A2F300ECE131 /* Frameworks */,
				D950431C2F97A2F300ECE131 /* Resources */,
			);
			buildRules = (
			);
			dependencies = (
				D95043202F97A2F300ECE131 /* PBXTargetDependency */,
			);
			fileSystemSynchronizedGroups = (
				D95043212F97A2F300ECE131 /* CuCuUITests */,
			);
			name = CuCuUITests;
			packageProductDependencies = (
			);
			productName = CuCuUITests;
			productReference = D950431E2F97A2F300ECE131 /* CuCuUITests.xctest */;
			productType = "com.apple.product-type.bundle.ui-testing";
		};
/* End PBXNativeTarget section */

/* Begin PBXProject section */
		D95042FA2F97A2F300ECE131 /* Project object */ = {
			isa = PBXProject;
			attributes = {
				BuildIndependentTargetsInParallel = 1;
				LastSwiftUpdateCheck = 2640;
				LastUpgradeCheck = 2640;
				TargetAttributes = {
					D95043012F97A2F300ECE131 = {
						CreatedOnToolsVersion = 26.4.1;
					};
					D95043132F97A2F300ECE131 = {
						CreatedOnToolsVersion = 26.4.1;
						TestTargetID = D95043012F97A2F300ECE131;
					};
					D950431D2F97A2F300ECE131 = {
						CreatedOnToolsVersion = 26.4.1;
						TestTargetID = D95043012F97A2F300ECE131;
					};
				};
			};
			buildConfigurationList = D95042FD2F97A2F300ECE131 /* Build configuration list for PBXProject "CuCu" */;
			developmentRegion = en;
			hasScannedForEncodings = 0;
			knownRegions = (
				en,
				Base,
			);
			mainGroup = D95042F92F97A2F300ECE131;
			minimizedProjectReferenceProxies = 1;
			packageReferences = (
				D9A30E492F9CFA070028D1BD /* XCRemoteSwiftPackageReference "supabase-swift" */,
			);
			preferredProjectObjectVersion = 77;
			productRefGroup = D95043032F97A2F300ECE131 /* Products */;
			projectDirPath = "";
			projectRoot = "";
			targets = (
				D95043012F97A2F300ECE131 /* CuCu */,
				D95043132F97A2F300ECE131 /* CuCuTests */,
				D950431D2F97A2F300ECE131 /* CuCuUITests */,
			);
		};
/* End PBXProject section */

/* Begin PBXResourcesBuildPhase section */
		D95043002F97A2F300ECE131 /* Resources */ = {
			isa = PBXResourcesBuildPhase;
			buildActionMask = 2147483647;
			files = (
			);
			runOnlyForDeploymentPostprocessing = 0;
		};
		D95043122F97A2F300ECE131 /* Resources */ = {
			isa = PBXResourcesBuildPhase;
			buildActionMask = 2147483647;
			files = (
			);
			runOnlyForDeploymentPostprocessing = 0;
		};
		D950431C2F97A2F300ECE131 /* Resources */ = {
			isa = PBXResourcesBuildPhase;
			buildActionMask = 2147483647;
			files = (
			);
			runOnlyForDeploymentPostprocessing = 0;
		};
/* End PBXResourcesBuildPhase section */

/* Begin PBXSourcesBuildPhase section */
		D95042FE2F97A2F300ECE131 /* Sources */ = {
			isa = PBXSourcesBuildPhase;
			buildActionMask = 2147483647;
			files = (
			);
			runOnlyForDeploymentPostprocessing = 0;
		};
		D95043102F97A2F300ECE131 /* Sources */ = {
			isa = PBXSourcesBuildPhase;
			buildActionMask = 2147483647;
			files = (
			);
			runOnlyForDeploymentPostprocessing = 0;
		};
		D950431A2F97A2F300ECE131 /* Sources */ = {
			isa = PBXSourcesBuildPhase;
			buildActionMask = 2147483647;
			files = (
			);
			runOnlyForDeploymentPostprocessing = 0;
		};
/* End PBXSourcesBuildPhase section */

/* Begin PBXTargetDependency section */
		D95043162F97A2F300ECE131 /* PBXTargetDependency */ = {
			isa = PBXTargetDependency;
			target = D95043012F97A2F300ECE131 /* CuCu */;
			targetProxy = D95043152F97A2F300ECE131 /* PBXContainerItemProxy */;
		};
		D95043202F97A2F300ECE131 /* PBXTargetDependency */ = {
			isa = PBXTargetDependency;
			target = D95043012F97A2F300ECE131 /* CuCu */;
			targetProxy = D950431F2F97A2F300ECE131 /* PBXContainerItemProxy */;
		};
/* End PBXTargetDependency section */

/* Begin XCBuildConfiguration section */
		D95043262F97A2F300ECE131 /* Debug */ = {
			isa = XCBuildConfiguration;
			buildSettings = {
				ALWAYS_SEARCH_USER_PATHS = NO;
				ASSETCATALOG_COMPILER_GENERATE_SWIFT_ASSET_SYMBOL_EXTENSIONS = YES;
				CLANG_ANALYZER_NONNULL = YES;
				CLANG_ANALYZER_NUMBER_OBJECT_CONVERSION = YES_AGGRESSIVE;
				CLANG_CXX_LANGUAGE_STANDARD = "gnu++20";
				CLANG_ENABLE_MODULES = YES;
				CLANG_ENABLE_OBJC_ARC = YES;
				CLANG_ENABLE_OBJC_WEAK = YES;
				CLANG_WARN_BLOCK_CAPTURE_AUTORELEASING = YES;
				CLANG_WARN_BOOL_CONVERSION = YES;
				CLANG_WARN_COMMA = YES;
				CLANG_WARN_CONSTANT_CONVERSION = YES;
				CLANG_WARN_DEPRECATED_OBJC_IMPLEMENTATIONS = YES;
				CLANG_WARN_DIRECT_OBJC_ISA_USAGE = YES_ERROR;
				CLANG_WARN_DOCUMENTATION_COMMENTS = YES;
				CLANG_WARN_EMPTY_BODY = YES;
				CLANG_WARN_ENUM_CONVERSION = YES;
				CLANG_WARN_INFINITE_RECURSION = YES;
				CLANG_WARN_INT_CONVERSION = YES;
				CLANG_WARN_NON_LITERAL_NULL_CONVERSION = YES;
				CLANG_WARN_OBJC_IMPLICIT_RETAIN_SELF = YES;
				CLANG_WARN_OBJC_LITERAL_CONVERSION = YES;
				CLANG_WARN_OBJC_ROOT_CLASS = YES_ERROR;
				CLANG_WARN_QUOTED_INCLUDE_IN_FRAMEWORK_HEADER = YES;
				CLANG_WARN_RANGE_LOOP_ANALYSIS = YES;
				CLANG_WARN_STRICT_PROTOTYPES = YES;
				CLANG_WARN_SUSPICIOUS_MOVE = YES;
				CLANG_WARN_UNGUARDED_AVAILABILITY = YES_AGGRESSIVE;
				CLANG_WARN_UNREACHABLE_CODE = YES;
				CLANG_WARN__DUPLICATE_METHOD_MATCH = YES;
				COPY_PHASE_STRIP = NO;
				DEBUG_INFORMATION_FORMAT = dwarf;
				ENABLE_STRICT_OBJC_MSGSEND = YES;
				ENABLE_TESTABILITY = YES;
				ENABLE_USER_SCRIPT_SANDBOXING = YES;
				GCC_C_LANGUAGE_STANDARD = gnu17;
				GCC_DYNAMIC_NO_PIC = NO;
				GCC_NO_COMMON_BLOCKS = YES;
				GCC_OPTIMIZATION_LEVEL = 0;
				GCC_PREPROCESSOR_DEFINITIONS = (
					"DEBUG=1",
					"$(inherited)",
				);
				GCC_WARN_64_TO_32_BIT_CONVERSION = YES;
				GCC_WARN_ABOUT_RETURN_TYPE = YES_ERROR;
				GCC_WARN_UNDECLARED_SELECTOR = YES;
				GCC_WARN_UNINITIALIZED_AUTOS = YES_AGGRESSIVE;
				GCC_WARN_UNUSED_FUNCTION = YES;
				GCC_WARN_UNUSED_VARIABLE = YES;
				LOCALIZATION_PREFERS_STRING_CATALOGS = YES;
				MTL_ENABLE_DEBUG_INFO = INCLUDE_SOURCE;
				MTL_FAST_MATH = YES;
				ONLY_ACTIVE_ARCH = YES;
				SWIFT_ACTIVE_COMPILATION_CONDITIONS = "DEBUG $(inherited)";
				SWIFT_OPTIMIZATION_LEVEL = "-Onone";
			};
			name = Debug;
		};
		D95043272F97A2F300ECE131 /* Release */ = {
			isa = XCBuildConfiguration;
			buildSettings = {
				ALWAYS_SEARCH_USER_PATHS = NO;
				ASSETCATALOG_COMPILER_GENERATE_SWIFT_ASSET_SYMBOL_EXTENSIONS = YES;
				CLANG_ANALYZER_NONNULL = YES;
				CLANG_ANALYZER_NUMBER_OBJECT_CONVERSION = YES_AGGRESSIVE;
				CLANG_CXX_LANGUAGE_STANDARD = "gnu++20";
				CLANG_ENABLE_MODULES = YES;
				CLANG_ENABLE_OBJC_ARC = YES;
				CLANG_ENABLE_OBJC_WEAK = YES;
				CLANG_WARN_BLOCK_CAPTURE_AUTORELEASING = YES;
				CLANG_WARN_BOOL_CONVERSION = YES;
				CLANG_WARN_COMMA = YES;
				CLANG_WARN_CONSTANT_CONVERSION = YES;
				CLANG_WARN_DEPRECATED_OBJC_IMPLEMENTATIONS = YES;
				CLANG_WARN_DIRECT_OBJC_ISA_USAGE = YES_ERROR;
				CLANG_WARN_DOCUMENTATION_COMMENTS = YES;
				CLANG_WARN_EMPTY_BODY = YES;
				CLANG_WARN_ENUM_CONVERSION = YES;
				CLANG_WARN_INFINITE_RECURSION = YES;
				CLANG_WARN_INT_CONVERSION = YES;
				CLANG_WARN_NON_LITERAL_NULL_CONVERSION = YES;
				CLANG_WARN_OBJC_IMPLICIT_RETAIN_SELF = YES;
				CLANG_WARN_OBJC_LITERAL_CONVERSION = YES;
				CLANG_WARN_OBJC_ROOT_CLASS = YES_ERROR;
				CLANG_WARN_QUOTED_INCLUDE_IN_FRAMEWORK_HEADER = YES;
				CLANG_WARN_RANGE_LOOP_ANALYSIS = YES;
				CLANG_WARN_STRICT_PROTOTYPES = YES;
				CLANG_WARN_SUSPICIOUS_MOVE = YES;
				CLANG_WARN_UNGUARDED_AVAILABILITY = YES_AGGRESSIVE;
				CLANG_WARN_UNREACHABLE_CODE = YES;
				CLANG_WARN__DUPLICATE_METHOD_MATCH = YES;
				COPY_PHASE_STRIP = NO;
				DEBUG_INFORMATION_FORMAT = "dwarf-with-dsym";
				ENABLE_NS_ASSERTIONS = NO;
				ENABLE_STRICT_OBJC_MSGSEND = YES;
				ENABLE_USER_SCRIPT_SANDBOXING = YES;
				GCC_C_LANGUAGE_STANDARD = gnu17;
				GCC_NO_COMMON_BLOCKS = YES;
				GCC_WARN_64_TO_32_BIT_CONVERSION = YES;
				GCC_WARN_ABOUT_RETURN_TYPE = YES_ERROR;
				GCC_WARN_UNDECLARED_SELECTOR = YES;
				GCC_WARN_UNINITIALIZED_AUTOS = YES_AGGRESSIVE;
				GCC_WARN_UNUSED_FUNCTION = YES;
				GCC_WARN_UNUSED_VARIABLE = YES;
				LOCALIZATION_PREFERS_STRING_CATALOGS = YES;
				MTL_ENABLE_DEBUG_INFO = NO;
				MTL_FAST_MATH = YES;
				SWIFT_COMPILATION_MODE = wholemodule;
			};
			name = Release;
		};
		D95043292F97A2F300ECE131 /* Debug */ = {
			isa = XCBuildConfiguration;
			buildSettings = {
				ASSETCATALOG_COMPILER_APPICON_NAME = AppIcon;
				ASSETCATALOG_COMPILER_GLOBAL_ACCENT_COLOR_NAME = AccentColor;
				CODE_SIGN_STYLE = Automatic;
				CURRENT_PROJECT_VERSION = 1;
				DEVELOPMENT_TEAM = UZ47Z5M7MG;
				ENABLE_APP_SANDBOX = YES;
				ENABLE_PREVIEWS = YES;
				ENABLE_USER_SELECTED_FILES = readonly;
				GENERATE_INFOPLIST_FILE = YES;
				"INFOPLIST_KEY_UIApplicationSceneManifest_Generation[sdk=iphoneos*]" = YES;
				"INFOPLIST_KEY_UIApplicationSceneManifest_Generation[sdk=iphonesimulator*]" = YES;
				"INFOPLIST_KEY_UIApplicationSupportsIndirectInputEvents[sdk=iphoneos*]" = YES;
				"INFOPLIST_KEY_UIApplicationSupportsIndirectInputEvents[sdk=iphonesimulator*]" = YES;
				"INFOPLIST_KEY_UILaunchScreen_Generation[sdk=iphoneos*]" = YES;
				"INFOPLIST_KEY_UILaunchScreen_Generation[sdk=iphonesimulator*]" = YES;
				"INFOPLIST_KEY_UIStatusBarStyle[sdk=iphoneos*]" = UIStatusBarStyleDefault;
				"INFOPLIST_KEY_UIStatusBarStyle[sdk=iphonesimulator*]" = UIStatusBarStyleDefault;
				INFOPLIST_KEY_UISupportedInterfaceOrientations_iPad = "UIInterfaceOrientationPortrait UIInterfaceOrientationPortraitUpsideDown UIInterfaceOrientationLandscapeLeft UIInterfaceOrientationLandscapeRight";
				INFOPLIST_KEY_UISupportedInterfaceOrientations_iPhone = "UIInterfaceOrientationPortrait UIInterfaceOrientationLandscapeLeft UIInterfaceOrientationLandscapeRight";
				IPHONEOS_DEPLOYMENT_TARGET = 17.0;
				LD_RUNPATH_SEARCH_PATHS = "@executable_path/Frameworks";
				"LD_RUNPATH_SEARCH_PATHS[sdk=macosx*]" = "@executable_path/../Frameworks";
				MACOSX_DEPLOYMENT_TARGET = 26.3;
				MARKETING_VERSION = 1.0;
				PRODUCT_BUNDLE_IDENTIFIER = lore.CuCu;
				PRODUCT_NAME = "$(TARGET_NAME)";
				REGISTER_APP_GROUPS = YES;
				SDKROOT = auto;
				STRING_CATALOG_GENERATE_SYMBOLS = YES;
				SUPPORTED_PLATFORMS = "iphoneos iphonesimulator macosx xros xrsimulator";
				SWIFT_APPROACHABLE_CONCURRENCY = YES;
				SWIFT_DEFAULT_ACTOR_ISOLATION = MainActor;
				SWIFT_EMIT_LOC_STRINGS = YES;
				SWIFT_UPCOMING_FEATURE_MEMBER_IMPORT_VISIBILITY = YES;
				SWIFT_VERSION = 5.0;
				TARGETED_DEVICE_FAMILY = "1,2,7";
				XROS_DEPLOYMENT_TARGET = 26.4;
			};
			name = Debug;
		};
		D950432A2F97A2F300ECE131 /* Release */ = {
			isa = XCBuildConfiguration;
			buildSettings = {
				ASSETCATALOG_COMPILER_APPICON_NAME = AppIcon;
				ASSETCATALOG_COMPILER_GLOBAL_ACCENT_COLOR_NAME = AccentColor;
				CODE_SIGN_STYLE = Automatic;
				CURRENT_PROJECT_VERSION = 1;
				DEVELOPMENT_TEAM = UZ47Z5M7MG;
				ENABLE_APP_SANDBOX = YES;
				ENABLE_PREVIEWS = YES;
				ENABLE_USER_SELECTED_FILES = readonly;
				GENERATE_INFOPLIST_FILE = YES;
				"INFOPLIST_KEY_UIApplicationSceneManifest_Generation[sdk=iphoneos*]" = YES;
				"INFOPLIST_KEY_UIApplicationSceneManifest_Generation[sdk=iphonesimulator*]" = YES;
				"INFOPLIST_KEY_UIApplicationSupportsIndirectInputEvents[sdk=iphoneos*]" = YES;
				"INFOPLIST_KEY_UIApplicationSupportsIndirectInputEvents[sdk=iphonesimulator*]" = YES;
				"INFOPLIST_KEY_UILaunchScreen_Generation[sdk=iphoneos*]" = YES;
				"INFOPLIST_KEY_UILaunchScreen_Generation[sdk=iphonesimulator*]" = YES;
				"INFOPLIST_KEY_UIStatusBarStyle[sdk=iphoneos*]" = UIStatusBarStyleDefault;
				"INFOPLIST_KEY_UIStatusBarStyle[sdk=iphonesimulator*]" = UIStatusBarStyleDefault;
				INFOPLIST_KEY_UISupportedInterfaceOrientations_iPad = "UIInterfaceOrientationPortrait UIInterfaceOrientationPortraitUpsideDown UIInterfaceOrientationLandscapeLeft UIInterfaceOrientationLandscapeRight";
				INFOPLIST_KEY_UISupportedInterfaceOrientations_iPhone = "UIInterfaceOrientationPortrait UIInterfaceOrientationLandscapeLeft UIInterfaceOrientationLandscapeRight";
				IPHONEOS_DEPLOYMENT_TARGET = 17.0;
				LD_RUNPATH_SEARCH_PATHS = "@executable_path/Frameworks";
				"LD_RUNPATH_SEARCH_PATHS[sdk=macosx*]" = "@executable_path/../Frameworks";
				MACOSX_DEPLOYMENT_TARGET = 26.3;
				MARKETING_VERSION = 1.0;
				PRODUCT_BUNDLE_IDENTIFIER = lore.CuCu;
				PRODUCT_NAME = "$(TARGET_NAME)";
				REGISTER_APP_GROUPS = YES;
				SDKROOT = auto;
				STRING_CATALOG_GENERATE_SYMBOLS = YES;
				SUPPORTED_PLATFORMS = "iphoneos iphonesimulator macosx xros xrsimulator";
				SWIFT_APPROACHABLE_CONCURRENCY = YES;
				SWIFT_DEFAULT_ACTOR_ISOLATION = MainActor;
				SWIFT_EMIT_LOC_STRINGS = YES;
				SWIFT_UPCOMING_FEATURE_MEMBER_IMPORT_VISIBILITY = YES;
				SWIFT_VERSION = 5.0;
				TARGETED_DEVICE_FAMILY = "1,2,7";
				XROS_DEPLOYMENT_TARGET = 26.4;
			};
			name = Release;
		};
		D950432C2F97A2F300ECE131 /* Debug */ = {
			isa = XCBuildConfiguration;
			buildSettings = {
				BUNDLE_LOADER = "$(TEST_HOST)";
				CODE_SIGN_STYLE = Automatic;
				CURRENT_PROJECT_VERSION = 1;
				GENERATE_INFOPLIST_FILE = YES;
				IPHONEOS_DEPLOYMENT_TARGET = 17.0;
				MACOSX_DEPLOYMENT_TARGET = 26.3;
				MARKETING_VERSION = 1.0;
				PRODUCT_BUNDLE_IDENTIFIER = lore.CuCuTests;
				PRODUCT_NAME = "$(TARGET_NAME)";
				SDKROOT = auto;
				STRING_CATALOG_GENERATE_SYMBOLS = NO;
				SUPPORTED_PLATFORMS = "iphoneos iphonesimulator macosx xros xrsimulator";
				SWIFT_APPROACHABLE_CONCURRENCY = YES;
				SWIFT_EMIT_LOC_STRINGS = NO;
				SWIFT_UPCOMING_FEATURE_MEMBER_IMPORT_VISIBILITY = YES;
				SWIFT_VERSION = 5.0;
				TARGETED_DEVICE_FAMILY = "1,2,7";
				TEST_HOST = "$(BUILT_PRODUCTS_DIR)/CuCu.app/$(BUNDLE_EXECUTABLE_FOLDER_PATH)/CuCu";
				XROS_DEPLOYMENT_TARGET = 26.4;
			};
			name = Debug;
		};
		D950432D2F97A2F300ECE131 /* Release */ = {
			isa = XCBuildConfiguration;
			buildSettings = {
				BUNDLE_LOADER = "$(TEST_HOST)";
				CODE_SIGN_STYLE = Automatic;
				CURRENT_PROJECT_VERSION = 1;
				GENERATE_INFOPLIST_FILE = YES;
				IPHONEOS_DEPLOYMENT_TARGET = 17.0;
				MACOSX_DEPLOYMENT_TARGET = 26.3;
				MARKETING_VERSION = 1.0;
				PRODUCT_BUNDLE_IDENTIFIER = lore.CuCuTests;
				PRODUCT_NAME = "$(TARGET_NAME)";
				SDKROOT = auto;
				STRING_CATALOG_GENERATE_SYMBOLS = NO;
				SUPPORTED_PLATFORMS = "iphoneos iphonesimulator macosx xros xrsimulator";
				SWIFT_APPROACHABLE_CONCURRENCY = YES;
				SWIFT_EMIT_LOC_STRINGS = NO;
				SWIFT_UPCOMING_FEATURE_MEMBER_IMPORT_VISIBILITY = YES;
				SWIFT_VERSION = 5.0;
				TARGETED_DEVICE_FAMILY = "1,2,7";
				TEST_HOST = "$(BUILT_PRODUCTS_DIR)/CuCu.app/$(BUNDLE_EXECUTABLE_FOLDER_PATH)/CuCu";
				XROS_DEPLOYMENT_TARGET = 26.4;
			};
			name = Release;
		};
		D950432F2F97A2F300ECE131 /* Debug */ = {
			isa = XCBuildConfiguration;
			buildSettings = {
				CODE_SIGN_STYLE = Automatic;
				CURRENT_PROJECT_VERSION = 1;
				GENERATE_INFOPLIST_FILE = YES;
				IPHONEOS_DEPLOYMENT_TARGET = 17.0;
				MACOSX_DEPLOYMENT_TARGET = 26.3;
				MARKETING_VERSION = 1.0;
				PRODUCT_BUNDLE_IDENTIFIER = lore.CuCuUITests;
				PRODUCT_NAME = "$(TARGET_NAME)";
				SDKROOT = auto;
				STRING_CATALOG_GENERATE_SYMBOLS = NO;
				SUPPORTED_PLATFORMS = "iphoneos iphonesimulator macosx xros xrsimulator";
				SWIFT_APPROACHABLE_CONCURRENCY = YES;
				SWIFT_EMIT_LOC_STRINGS = NO;
				SWIFT_UPCOMING_FEATURE_MEMBER_IMPORT_VISIBILITY = YES;
				SWIFT_VERSION = 5.0;
				TARGETED_DEVICE_FAMILY = "1,2,7";
				TEST_TARGET_NAME = CuCu;
				XROS_DEPLOYMENT_TARGET = 26.4;
			};
			name = Debug;
		};
		D95043302F97A2F300ECE131 /* Release */ = {
			isa = XCBuildConfiguration;
			buildSettings = {
				CODE_SIGN_STYLE = Automatic;
				CURRENT_PROJECT_VERSION = 1;
				GENERATE_INFOPLIST_FILE = YES;
				IPHONEOS_DEPLOYMENT_TARGET = 17.0;
				MACOSX_DEPLOYMENT_TARGET = 26.3;
				MARKETING_VERSION = 1.0;
				PRODUCT_BUNDLE_IDENTIFIER = lore.CuCuUITests;
				PRODUCT_NAME = "$(TARGET_NAME)";
				SDKROOT = auto;
				STRING_CATALOG_GENERATE_SYMBOLS = NO;
				SUPPORTED_PLATFORMS = "iphoneos iphonesimulator macosx xros xrsimulator";
				SWIFT_APPROACHABLE_CONCURRENCY = YES;
				SWIFT_EMIT_LOC_STRINGS = NO;
				SWIFT_UPCOMING_FEATURE_MEMBER_IMPORT_VISIBILITY = YES;
				SWIFT_VERSION = 5.0;
				TARGETED_DEVICE_FAMILY = "1,2,7";
				TEST_TARGET_NAME = CuCu;
				XROS_DEPLOYMENT_TARGET = 26.4;
			};
			name = Release;
		};
/* End XCBuildConfiguration section */

/* Begin XCConfigurationList section */
		D95042FD2F97A2F300ECE131 /* Build configuration list for PBXProject "CuCu" */ = {
			isa = XCConfigurationList;
			buildConfigurations = (
				D95043262F97A2F300ECE131 /* Debug */,
				D95043272F97A2F300ECE131 /* Release */,
			);
			defaultConfigurationIsVisible = 0;
			defaultConfigurationName = Release;
		};
		D95043282F97A2F300ECE131 /* Build configuration list for PBXNativeTarget "CuCu" */ = {
			isa = XCConfigurationList;
			buildConfigurations = (
				D95043292F97A2F300ECE131 /* Debug */,
				D950432A2F97A2F300ECE131 /* Release */,
			);
			defaultConfigurationIsVisible = 0;
			defaultConfigurationName = Release;
		};
		D950432B2F97A2F300ECE131 /* Build configuration list for PBXNativeTarget "CuCuTests" */ = {
			isa = XCConfigurationList;
			buildConfigurations = (
				D950432C2F97A2F300ECE131 /* Debug */,
				D950432D2F97A2F300ECE131 /* Release */,
			);
			defaultConfigurationIsVisible = 0;
			defaultConfigurationName = Release;
		};
		D950432E2F97A2F300ECE131 /* Build configuration list for PBXNativeTarget "CuCuUITests" */ = {
			isa = XCConfigurationList;
			buildConfigurations = (
				D950432F2F97A2F300ECE131 /* Debug */,
				D95043302F97A2F300ECE131 /* Release */,
			);
			defaultConfigurationIsVisible = 0;
			defaultConfigurationName = Release;
		};
/* End XCConfigurationList section */

/* Begin XCRemoteSwiftPackageReference section */
		D9A30E492F9CFA070028D1BD /* XCRemoteSwiftPackageReference "supabase-swift" */ = {
			isa = XCRemoteSwiftPackageReference;
			repositoryURL = "https://github.com/supabase/supabase-swift";
			requirement = {
				kind = upToNextMajorVersion;
				minimumVersion = 2.5.1;
			};
		};
/* End XCRemoteSwiftPackageReference section */

/* Begin XCSwiftPackageProductDependency section */
		D9A30E4A2F9CFA070028D1BD /* Supabase */ = {
			isa = XCSwiftPackageProductDependency;
			package = D9A30E492F9CFA070028D1BD /* XCRemoteSwiftPackageReference "supabase-swift" */;
			productName = Supabase;
		};
/* End XCSwiftPackageProductDependency section */
	};
	rootObject = D95042FA2F97A2F300ECE131 /* Project object */;
}
